
Microsoft Visual Studio Solution File, Format Version 12.00
# Visual Studio Version 17
VisualStudioVersion = 17.4.33213.308
MinimumVisualStudioVersion = 10.0.40219.1
Project("{FAE04EC0-301F-11D3-BF4B-00C04F79EFBC}") = "Sein", "My Hollow Knight Mod1\Sein.csproj", "{E8318243-570C-406D-A8D6-69AF77B759CC}"
EndProject
Project("{2150E333-8FDC-42A3-9474-1A3956D46DE8}") = "Solution Files", "Solution Files", "{549D5518-8BDA-4D15-8D24-7936523E44A6}"
	ProjectSection(SolutionItems) = preProject
		.github\workflows\build.yml = .github\workflows\build.yml
		.github\dependabot.yml = .github\dependabot.yml
		README.md = README.md
	EndProjectSection
EndProject
Project("{9A19103F-16F7-4668-BE54-9A1E7A4F7556}") = "Sein", "Sein\Sein.csproj", "{83B55C2F-EEB6-4506-A12F-FF0F8551B3D8}"
EndProject
Global
	GlobalSection(SolutionConfigurationPlatforms) = preSolution
		Debug|Any CPU = Debug|Any CPU
		Release|Any CPU = Release|Any CPU
	EndGlobalSection
	GlobalSection(ProjectConfigurationPlatforms) = postSolution
		{E8318243-570C-406D-A8D6-69AF77B759CC}.Debug|Any CPU.ActiveCfg = Debug|Any CPU
		{E8318243-570C-406D-A8D6-69AF77B759CC}.Debug|Any CPU.Build.0 = Debug|Any CPU
		{E8318243-570C-406D-A8D6-69AF77B759CC}.Release|Any CPU.ActiveCfg = Release|Any CPU
		{E8318243-570C-406D-A8D6-69AF77B759CC}.Release|Any CPU.Build.0 = Release|Any CPU
		{83B55C2F-EEB6-4506-A12F-FF0F8551B3D8}.Debug|Any CPU.ActiveCfg = Debug|Any CPU
		{83B55C2F-EEB6-4506-A12F-FF0F8551B3D8}.Debug|Any CPU.Build.0 = Debug|Any CPU
		{83B55C2F-EEB6-4506-A12F-FF0F8551B3D8}.Release|Any CPU.ActiveCfg = Release|Any CPU
		{83B55C2F-EEB6-4506-A12F-FF0F8551B3D8}.Release|Any CPU.Build.0 = Release|Any CPU
	EndGlobalSection
	GlobalSection(SolutionProperties) = preSolution
		HideSolutionNode = FALSE
	EndGlobalSection
	GlobalSection(NestedProjects) = preSolution
		{83B55C2F-EEB6-4506-A12F-FF0F8551B3D8} = {549D5518-8BDA-4D15-8D24-7936523E44A6}
	EndGlobalSection
	GlobalSection(ExtensibilityGlobals) = postSolution
		SolutionGuid = {7C1BDAA6-40E8-4157-9B8F-D19917D77DDA}
	EndGlobalSection
EndGlobal
